# THIS IS AN AUTOGENERATED FILE. DO NOT EDIT THIS FILE DIRECTLY.
# yarn lockfile v1


find@^0.3.0:
  version "0.3.0"
  resolved "https://registry.npm.taobao.org/find/download/find-0.3.0.tgz#4082e8fc8d8320f1a382b5e4f521b9bc50775cb8"
  integrity sha1-QILo/I2DIPGjgrXk9SG5vFB3XLg=
  dependencies:
    traverse-chain "~0.1.0"

traverse-chain@~0.1.0:
  version "0.1.0"
  resolved "https://registry.npm.taobao.org/traverse-chain/download/traverse-chain-0.1.0.tgz#61dbc2d53b69ff6091a12a168fd7d433107e40f1"
  integrity sha1-YdvC1Ttp/2CRoSoWj9fUMxB+QPE=
